
Microsoft Visual Studio Solution File, Format Version 12.00
# Visual Studio 15
Project("{FAE04EC0-301F-11D3-BF4B-00C04F79EFBC}") = "Assembly-CSharp", "Assembly-CSharp.csproj", "{5DAC8F83-5539-00AF-4008-DE271DF1A5B0}"
EndProject
Project("{FAE04EC0-301F-11D3-BF4B-00C04F79EFBC}") = "Assembly-CSharp-Editor", "Assembly-CSharp-Editor.csproj", "{CABE35FE-4D8D-F539-A3DF-187C6139CEB7}"
EndProject
Global
	GlobalSection(SolutionConfigurationPlatforms) = preSolution
		Debug|Any CPU = Debug|Any CPU
		Release|Any CPU = Release|Any CPU
	EndGlobalSection
	GlobalSection(ProjectConfigurationPlatforms) = postSolution
		{5DAC8F83-5539-00AF-4008-DE271DF1A5B0}.Debug|Any CPU.ActiveCfg = Debug|Any CPU
		{5DAC8F83-5539-00AF-4008-DE271DF1A5B0}.Debug|Any CPU.Build.0 = Debug|Any CPU
		{5DAC8F83-5539-00AF-4008-DE271DF1A5B0}.Release|Any CPU.ActiveCfg = Release|Any CPU
		{5DAC8F83-5539-00AF-4008-DE271DF1A5B0}.Release|Any CPU.Build.0 = Release|Any CPU
		{CABE35FE-4D8D-F539-A3DF-187C6139CEB7}.Debug|Any CPU.ActiveCfg = Debug|Any CPU
		{CABE35FE-4D8D-F539-A3DF-187C6139CEB7}.Debug|Any CPU.Build.0 = Debug|Any CPU
		{CABE35FE-4D8D-F539-A3DF-187C6139CEB7}.Release|Any CPU.ActiveCfg = Release|Any CPU
		{CABE35FE-4D8D-F539-A3DF-187C6139CEB7}.Release|Any CPU.Build.0 = Release|Any CPU
	EndGlobalSection
	GlobalSection(SolutionProperties) = preSolution
		HideSolutionNode = FALSE
	EndGlobalSection
EndGlobal
